
Microsoft Visual Studio Solution File, Format Version 12.00
Project("{FAE04EC0-301F-11D3-BF4B-00C04F79EFBC}") = "CI-CD-testv2", "CI-CD-testv2\CI-CD-testv2.csproj", "{B3BC0088-48A7-4DAD-AAC8-6A1F6D08CD9D}"
EndProject
Global
	GlobalSection(SolutionConfigurationPlatforms) = preSolution
		Debug|Any CPU = Debug|Any CPU
		Release|Any CPU = Release|Any CPU
	EndGlobalSection
	GlobalSection(ProjectConfigurationPlatforms) = postSolution
		{B3BC0088-48A7-4DAD-AAC8-6A1F6D08CD9D}.Debug|Any CPU.ActiveCfg = Debug|Any CPU
		{B3BC0088-48A7-4DAD-AAC8-6A1F6D08CD9D}.Debug|Any CPU.Build.0 = Debug|Any CPU
		{B3BC0088-48A7-4DAD-AAC8-6A1F6D08CD9D}.Release|Any CPU.ActiveCfg = Release|Any CPU
		{B3BC0088-48A7-4DAD-AAC8-6A1F6D08CD9D}.Release|Any CPU.Build.0 = Release|Any CPU
	EndGlobalSection
EndGlobal
